// !$*UTF8*$!
{
	archiveVersion = 1;
	classes = {
	};
	objectVersion = 46;
	objects = {

/* Begin PBXBuildFile section */
		333FACFE1F5F385C001F8DF5 /* AppDelegate.swift in Sources */ = {isa = PBXBuildFile; fileRef = 333FACFD1F5F385C001F8DF5 /* AppDelegate.swift */; };
		333FAD001F5F385C001F8DF5 /* ViewController.swift in Sources */ = {isa = PBXBuildFile; fileRef = 333FACFF1F5F385C001F8DF5 /* ViewController.swift */; };
		333FAD031F5F385C001F8DF5 /* Main.storyboard in Resources */ = {isa = PBXBuildFile; fileRef = 333FAD011F5F385C001F8DF5 /* Main.storyboard */; };
		333FAD051F5F385C001F8DF5 /* Assets.xcassets in Resources */ = {isa = PBXBuildFile; fileRef = 333FAD041F5F385C001F8DF5 /* Assets.xcassets */; };
		333FAD081F5F385C001F8DF5 /* LaunchScreen.storyboard in Resources */ = {isa = PBXBuildFile; fileRef = 333FAD061F5F385C001F8DF5 /* LaunchScreen.storyboard */; };
		333FAD131F5F385C001F8DF5 /* CocoaPodTestTests.swift in Sources */ = {isa = PBXBuildFile; fileRef = 333FAD121F5F385C001F8DF5 /* CocoaPodTestTests.swift */; };
		333FAD1E1F5F385C001F8DF5 /* CocoaPodTestUITests.swift in Sources */ = {isa = PBXBuildFile; fileRef = 333FAD1D1F5F385C001F8DF5 /* CocoaPodTestUITests.swift */; };
		895CCB7B2B84ED3C8A121657 /* Pods_CocoaPodTestUITests.framework in Frameworks */ = {isa = PBXBuildFile; fileRef = 59B03B28B997F76AF0232F3F /* Pods_CocoaPodTestUITests.framework */; };
		CECCACCF08F7433821A2A0E0 /* Pods_CocoaPodTest.framework in Frameworks */ = {isa = PBXBuildFile; fileRef = 245536D5247752795A87D475 /* Pods_CocoaPodTest.framework */; };
		DBBC3B75374852B2ADEC050A /* Pods_CocoaPodTestTests.framework in Frameworks */ = {isa = PBXBuildFile; fileRef = BD7F63CEE2FD919F87FCC6AD /* Pods_CocoaPodTestTests.framework */; };
/* End PBXBuildFile section */

/* Begin PBXContainerItemProxy section */
		333FAD0F1F5F385C001F8DF5 /* PBXContainerItemProxy */ = {
			isa = PBXContainerItemProxy;
			containerPortal = 333FACF21F5F385C001F8DF5 /* Project object */;
			proxyType = 1;
			remoteGlobalIDString = 333FACF91F5F385C001F8DF5;
			remoteInfo = CocoaPodTest;
		};
		333FAD1A1F5F385C001F8DF5 /* PBXContainerItemProxy */ = {
			isa = PBXContainerItemProxy;
			containerPortal = 333FACF21F5F385C001F8DF5 /* Project object */;
			proxyType = 1;
			remoteGlobalIDString = 333FACF91F5F385C001F8DF5;
			remoteInfo = CocoaPodTest;
		};
/* End PBXContainerItemProxy section */

/* Begin PBXFileReference section */
		18401E5F81ACF498E769B613 /* Pods-CocoaPodTestTests.debug.xcconfig */ = {isa = PBXFileReference; includeInIndex = 1; lastKnownFileType = text.xcconfig; name = "Pods-CocoaPodTestTests.debug.xcconfig"; path = "Pods/Target Support Files/Pods-CocoaPodTestTests/Pods-CocoaPodTestTests.debug.xcconfig"; sourceTree = "<group>"; };
		1DEE361F2EF0D6FFD51A2A0F /* Pods-CocoaPodTestUITests.release.xcconfig */ = {isa = PBXFileReference; includeInIndex = 1; lastKnownFileType = text.xcconfig; name = "Pods-CocoaPodTestUITests.release.xcconfig"; path = "Pods/Target Support Files/Pods-CocoaPodTestUITests/Pods-CocoaPodTestUITests.release.xcconfig"; sourceTree = "<group>"; };
		245536D5247752795A87D475 /* Pods_CocoaPodTest.framework */ = {isa = PBXFileReference; explicitFileType = wrapper.framework; includeInIndex = 0; path = Pods_CocoaPodTest.framework; sourceTree = BUILT_PRODUCTS_DIR; };
		333FACFA1F5F385C001F8DF5 /* CocoaPodTest.app */ = {isa = PBXFileReference; explicitFileType = wrapper.application; includeInIndex = 0; path = CocoaPodTest.app; sourceTree = BUILT_PRODUCTS_DIR; };
		333FACFD1F5F385C001F8DF5 /* AppDelegate.swift */ = {isa = PBXFileReference; lastKnownFileType = sourcecode.swift; path = AppDelegate.swift; sourceTree = "<group>"; };
		333FACFF1F5F385C001F8DF5 /* ViewController.swift */ = {isa = PBXFileReference; lastKnownFileType = sourcecode.swift; path = ViewController.swift; sourceTree = "<group>"; };
		333FAD021F5F385C001F8DF5 /* Base */ = {isa = PBXFileReference; lastKnownFileType = file.storyboard; name = Base; path = Base.lproj/Main.storyboard; sourceTree = "<group>"; };
		333FAD041F5F385C001F8DF5 /* Assets.xcassets */ = {isa = PBXFileReference; lastKnownFileType = folder.assetcatalog; path = Assets.xcassets; sourceTree = "<group>"; };
		333FAD071F5F385C001F8DF5 /* Base */ = {isa = PBXFileReference; lastKnownFileType = file.storyboard; name = Base; path = Base.lproj/LaunchScreen.storyboard; sourceTree = "<group>"; };
		333FAD091F5F385C001F8DF5 /* Info.plist */ = {isa = PBXFileReference; lastKnownFileType = text.plist.xml; path = Info.plist; sourceTree = "<group>"; };
		333FAD0E1F5F385C001F8DF5 /* CocoaPodTestTests.xctest */ = {isa = PBXFileReference; explicitFileType = wrapper.cfbundle; includeInIndex = 0; path = CocoaPodTestTests.xctest; sourceTree = BUILT_PRODUCTS_DIR; };
		333FAD121F5F385C001F8DF5 /* CocoaPodTestTests.swift */ = {isa = PBXFileReference; lastKnownFileType = sourcecode.swift; path = CocoaPodTestTests.swift; sourceTree = "<group>"; };
		333FAD141F5F385C001F8DF5 /* Info.plist */ = {isa = PBXFileReference; lastKnownFileType = text.plist.xml; path = Info.plist; sourceTree = "<group>"; };
		333FAD191F5F385C001F8DF5 /* CocoaPodTestUITests.xctest */ = {isa = PBXFileReference; explicitFileType = wrapper.cfbundle; includeInIndex = 0; path = CocoaPodTestUITests.xctest; sourceTree = BUILT_PRODUCTS_DIR; };
		333FAD1D1F5F385C001F8DF5 /* CocoaPodTestUITests.swift */ = {isa = PBXFileReference; lastKnownFileType = sourcecode.swift; path = CocoaPodTestUITests.swift; sourceTree = "<group>"; };
		333FAD1F1F5F385C001F8DF5 /* Info.plist */ = {isa = PBXFileReference; lastKnownFileType = text.plist.xml; path = Info.plist; sourceTree = "<group>"; };
		59B03B28B997F76AF0232F3F /* Pods_CocoaPodTestUITests.framework */ = {isa = PBXFileReference; explicitFileType = wrapper.framework; includeInIndex = 0; path = Pods_CocoaPodTestUITests.framework; sourceTree = BUILT_PRODUCTS_DIR; };
		5E5F753049E15DA30FD08157 /* Pods-CocoaPodTestTests.release.xcconfig */ = {isa = PBXFileReference; includeInIndex = 1; lastKnownFileType = text.xcconfig; name = "Pods-CocoaPodTestTests.release.xcconfig"; path = "Pods/Target Support Files/Pods-CocoaPodTestTests/Pods-CocoaPodTestTests.release.xcconfig"; sourceTree = "<group>"; };
		B315AD04A4FEBDA3EA6CCB26 /* Pods-CocoaPodTest.debug.xcconfig */ = {isa = PBXFileReference; includeInIndex = 1; lastKnownFileType = text.xcconfig; name = "Pods-CocoaPodTest.debug.xcconfig"; path = "Pods/Target Support Files/Pods-CocoaPodTest/Pods-CocoaPodTest.debug.xcconfig"; sourceTree = "<group>"; };
		BD7F63CEE2FD919F87FCC6AD /* Pods_CocoaPodTestTests.framework */ = {isa = PBXFileReference; explicitFileType = wrapper.framework; includeInIndex = 0; path = Pods_CocoaPodTestTests.framework; sourceTree = BUILT_PRODUCTS_DIR; };
		FE1EB059B0379D8B30DB1D05 /* Pods-CocoaPodTest.release.xcconfig */ = {isa = PBXFileReference; includeInIndex = 1; lastKnownFileType = text.xcconfig; name = "Pods-CocoaPodTest.release.xcconfig"; path = "Pods/Target Support Files/Pods-CocoaPodTest/Pods-CocoaPodTest.release.xcconfig"; sourceTree = "<group>"; };
		FE29D6B3E3CB4C34138BD2D1 /* Pods-CocoaPodTestUITests.debug.xcconfig */ = {isa = PBXFileReference; includeInIndex = 1; lastKnownFileType = text.xcconfig; name = "Pods-CocoaPodTestUITests.debug.xcconfig"; path = "Pods/Target Support Files/Pods-CocoaPodTestUITests/Pods-CocoaPodTestUITests.debug.xcconfig"; sourceTree = "<group>"; };
/* End PBXFileReference section */

/* Begin PBXFrameworksBuildPhase section */
		333FACF71F5F385C001F8DF5 /* Frameworks */ = {
			isa = PBXFrameworksBuildPhase;
			buildActionMask = 2147483647;
			files = (
				CECCACCF08F7433821A2A0E0 /* Pods_CocoaPodTest.framework in Frameworks */,
			);
			runOnlyForDeploymentPostprocessing = 0;
		};
		333FAD0B1F5F385C001F8DF5 /* Frameworks */ = {
			isa = PBXFrameworksBuildPhase;
			buildActionMask = 2147483647;
			files = (
				DBBC3B75374852B2ADEC050A /* Pods_CocoaPodTestTests.framework in Frameworks */,
			);
			runOnlyForDeploymentPostprocessing = 0;
		};
		333FAD161F5F385C001F8DF5 /* Frameworks */ = {
			isa = PBXFrameworksBuildPhase;
			buildActionMask = 2147483647;
			files = (
				895CCB7B2B84ED3C8A121657 /* Pods_CocoaPodTestUITests.framework in Frameworks */,
			);
			runOnlyForDeploymentPostprocessing = 0;
		};
/* End PBXFrameworksBuildPhase section */

/* Begin PBXGroup section */
		1C6A1F72E92056E3D1160310 /* Pods */ = {
			isa = PBXGroup;
			children = (
				B315AD04A4FEBDA3EA6CCB26 /* Pods-CocoaPodTest.debug.xcconfig */,
				FE1EB059B0379D8B30DB1D05 /* Pods-CocoaPodTest.release.xcconfig */,
				18401E5F81ACF498E769B613 /* Pods-CocoaPodTestTests.debug.xcconfig */,
				5E5F753049E15DA30FD08157 /* Pods-CocoaPodTestTests.release.xcconfig */,
				FE29D6B3E3CB4C34138BD2D1 /* Pods-CocoaPodTestUITests.debug.xcconfig */,
				1DEE361F2EF0D6FFD51A2A0F /* Pods-CocoaPodTestUITests.release.xcconfig */,
			);
			name = Pods;
			sourceTree = "<group>";
		};
		333FACF11F5F385C001F8DF5 = {
			isa = PBXGroup;
			children = (
				333FACFC1F5F385C001F8DF5 /* CocoaPodTest */,
				333FAD111F5F385C001F8DF5 /* CocoaPodTestTests */,
				333FAD1C1F5F385C001F8DF5 /* CocoaPodTestUITests */,
				333FACFB1F5F385C001F8DF5 /* Products */,
				1C6A1F72E92056E3D1160310 /* Pods */,
				5C2B5DCA39A27ADDE560761E /* Frameworks */,
			);
			sourceTree = "<group>";
		};
		333FACFB1F5F385C001F8DF5 /* Products */ = {
			isa = PBXGroup;
			children = (
				333FACFA1F5F385C001F8DF5 /* CocoaPodTest.app */,
				333FAD0E1F5F385C001F8DF5 /* CocoaPodTestTests.xctest */,
				333FAD191F5F385C001F8DF5 /* CocoaPodTestUITests.xctest */,
			);
			name = Products;
			sourceTree = "<group>";
		};
		333FACFC1F5F385C001F8DF5 /* CocoaPodTest */ = {
			isa = PBXGroup;
			children = (
				333FACFD1F5F385C001F8DF5 /* AppDelegate.swift */,
				333FACFF1F5F385C001F8DF5 /* ViewController.swift */,
				333FAD011F5F385C001F8DF5 /* Main.storyboard */,
				333FAD041F5F385C001F8DF5 /* Assets.xcassets */,
				333FAD061F5F385C001F8DF5 /* LaunchScreen.storyboard */,
				333FAD091F5F385C001F8DF5 /* Info.plist */,
			);
			path = CocoaPodTest;
			sourceTree = "<group>";
		};
		333FAD111F5F385C001F8DF5 /* CocoaPodTestTests */ = {
			isa = PBXGroup;
			children = (
				333FAD121F5F385C001F8DF5 /* CocoaPodTestTests.swift */,
				333FAD141F5F385C001F8DF5 /* Info.plist */,
			);
			path = CocoaPodTestTests;
			sourceTree = "<group>";
		};
		333FAD1C1F5F385C001F8DF5 /* CocoaPodTestUITests */ = {
			isa = PBXGroup;
			children = (
				333FAD1D1F5F385C001F8DF5 /* CocoaPodTestUITests.swift */,
				333FAD1F1F5F385C001F8DF5 /* Info.plist */,
			);
			path = CocoaPodTestUITests;
			sourceTree = "<group>";
		};
		5C2B5DCA39A27ADDE560761E /* Frameworks */ = {
			isa = PBXGroup;
			children = (
				245536D5247752795A87D475 /* Pods_CocoaPodTest.framework */,
				BD7F63CEE2FD919F87FCC6AD /* Pods_CocoaPodTestTests.framework */,
				59B03B28B997F76AF0232F3F /* Pods_CocoaPodTestUITests.framework */,
			);
			name = Frameworks;
			sourceTree = "<group>";
		};
/* End PBXGroup section */

/* Begin PBXNativeTarget section */
		333FACF91F5F385C001F8DF5 /* CocoaPodTest */ = {
			isa = PBXNativeTarget;
			buildConfigurationList = 333FAD221F5F385C001F8DF5 /* Build configuration list for PBXNativeTarget "CocoaPodTest" */;
			buildPhases = (
				1B8CAE86BA8887ADB2CC8734 /* [CP] Check Pods Manifest.lock */,
				333FACF61F5F385C001F8DF5 /* Sources */,
				333FACF71F5F385C001F8DF5 /* Frameworks */,
				333FACF81F5F385C001F8DF5 /* Resources */,
				2EB7432C24A4BF4CF2E3DD69 /* [CP] Embed Pods Frameworks */,
				B2B440FAA433F91BAF82670C /* [CP] Copy Pods Resources */,
			);
			buildRules = (
			);
			dependencies = (
			);
			name = CocoaPodTest;
			productName = CocoaPodTest;
			productReference = 333FACFA1F5F385C001F8DF5 /* CocoaPodTest.app */;
			productType = "com.apple.product-type.application";
		};
		333FAD0D1F5F385C001F8DF5 /* CocoaPodTestTests */ = {
			isa = PBXNativeTarget;
			buildConfigurationList = 333FAD251F5F385C001F8DF5 /* Build configuration list for PBXNativeTarget "CocoaPodTestTests" */;
			buildPhases = (
				D5CC8B397E292184CB7C8371 /* [CP] Check Pods Manifest.lock */,
				333FAD0A1F5F385C001F8DF5 /* Sources */,
				333FAD0B1F5F385C001F8DF5 /* Frameworks */,
				333FAD0C1F5F385C001F8DF5 /* Resources */,
				0CD7B4815773F53460593119 /* [CP] Embed Pods Frameworks */,
				A6D9576E60E94507077D97D9 /* [CP] Copy Pods Resources */,
			);
			buildRules = (
			);
			dependencies = (
				333FAD101F5F385C001F8DF5 /* PBXTargetDependency */,
			);
			name = CocoaPodTestTests;
			productName = CocoaPodTestTests;
			productReference = 333FAD0E1F5F385C001F8DF5 /* CocoaPodTestTests.xctest */;
			productType = "com.apple.product-type.bundle.unit-test";
		};
		333FAD181F5F385C001F8DF5 /* CocoaPodTestUITests */ = {
			isa = PBXNativeTarget;
			buildConfigurationList = 333FAD281F5F385C001F8DF5 /* Build configuration list for PBXNativeTarget "CocoaPodTestUITests" */;
			buildPhases = (
				EBF696E87B5871E4F7DB654C /* [CP] Check Pods Manifest.lock */,
				333FAD151F5F385C001F8DF5 /* Sources */,
				333FAD161F5F385C001F8DF5 /* Frameworks */,
				333FAD171F5F385C001F8DF5 /* Resources */,
				9A8E2E1B57948B0A7070DCD0 /* [CP] Embed Pods Frameworks */,
				636A4894621756E147E5C89E /* [CP] Copy Pods Resources */,
			);
			buildRules = (
			);
			dependencies = (
				333FAD1B1F5F385C001F8DF5 /* PBXTargetDependency */,
			);
			name = CocoaPodTestUITests;
			productName = CocoaPodTestUITests;
			productReference = 333FAD191F5F385C001F8DF5 /* CocoaPodTestUITests.xctest */;
			productType = "com.apple.product-type.bundle.ui-testing";
		};
/* End PBXNativeTarget section */

/* Begin PBXProject section */
		333FACF21F5F385C001F8DF5 /* Project object */ = {
			isa = PBXProject;
			attributes = {
				LastSwiftUpdateCheck = 0830;
				LastUpgradeCheck = 0830;
				ORGANIZATIONNAME = "Sean McCarthy";
				TargetAttributes = {
					333FACF91F5F385C001F8DF5 = {
						CreatedOnToolsVersion = 8.3.3;
						DevelopmentTeam = 3XSU4PVJ4R;
						ProvisioningStyle = Automatic;
					};
					333FAD0D1F5F385C001F8DF5 = {
						CreatedOnToolsVersion = 8.3.3;
						DevelopmentTeam = 3XSU4PVJ4R;
						ProvisioningStyle = Automatic;
						TestTargetID = 333FACF91F5F385C001F8DF5;
					};
					333FAD181F5F385C001F8DF5 = {
						CreatedOnToolsVersion = 8.3.3;
						DevelopmentTeam = 3XSU4PVJ4R;
						ProvisioningStyle = Automatic;
						TestTargetID = 333FACF91F5F385C001F8DF5;
					};
				};
			};
			buildConfigurationList = 333FACF51F5F385C001F8DF5 /* Build configuration list for PBXProject "CocoaPodTest" */;
			compatibilityVersion = "Xcode 3.2";
			developmentRegion = English;
			hasScannedForEncodings = 0;
			knownRegions = (
				en,
				Base,
			);
			mainGroup = 333FACF11F5F385C001F8DF5;
			productRefGroup = 333FACFB1F5F385C001F8DF5 /* Products */;
			projectDirPath = "";
			projectRoot = "";
			targets = (
				333FACF91F5F385C001F8DF5 /* CocoaPodTest */,
				333FAD0D1F5F385C001F8DF5 /* CocoaPodTestTests */,
				333FAD181F5F385C001F8DF5 /* CocoaPodTestUITests */,
			);
		};
/* End PBXProject section */

/* Begin PBXResourcesBuildPhase section */
		333FACF81F5F385C001F8DF5 /* Resources */ = {
			isa = PBXResourcesBuildPhase;
			buildActionMask = 2147483647;
			files = (
				333FAD081F5F385C001F8DF5 /* LaunchScreen.storyboard in Resources */,
				333FAD051F5F385C001F8DF5 /* Assets.xcassets in Resources */,
				333FAD031F5F385C001F8DF5 /* Main.storyboard in Resources */,
			);
			runOnlyForDeploymentPostprocessing = 0;
		};
		333FAD0C1F5F385C001F8DF5 /* Resources */ = {
			isa = PBXResourcesBuildPhase;
			buildActionMask = 2147483647;
			files = (
			);
			runOnlyForDeploymentPostprocessing = 0;
		};
		333FAD171F5F385C001F8DF5 /* Resources */ = {
			isa = PBXResourcesBuildPhase;
			buildActionMask = 2147483647;
			files = (
			);
			runOnlyForDeploymentPostprocessing = 0;
		};
/* End PBXResourcesBuildPhase section */

/* Begin PBXShellScriptBuildPhase section */
		0CD7B4815773F53460593119 /* [CP] Embed Pods Frameworks */ = {
			isa = PBXShellScriptBuildPhase;
			buildActionMask = 2147483647;
			files = (
			);
			inputPaths = (
			);
			name = "[CP] Embed Pods Frameworks";
			outputPaths = (
			);
			runOnlyForDeploymentPostprocessing = 0;
			shellPath = /bin/sh;
			shellScript = "\"${SRCROOT}/Pods/Target Support Files/Pods-CocoaPodTestTests/Pods-CocoaPodTestTests-frameworks.sh\"\n";
			showEnvVarsInLog = 0;
		};
		1B8CAE86BA8887ADB2CC8734 /* [CP] Check Pods Manifest.lock */ = {
			isa = PBXShellScriptBuildPhase;
			buildActionMask = 2147483647;
			files = (
			);
			inputPaths = (
				"${PODS_PODFILE_DIR_PATH}/Podfile.lock",
				"${PODS_ROOT}/Manifest.lock",
			);
			name = "[CP] Check Pods Manifest.lock";
			outputPaths = (
				"$(DERIVED_FILE_DIR)/Pods-CocoaPodTest-checkManifestLockResult.txt",
			);
			runOnlyForDeploymentPostprocessing = 0;
			shellPath = /bin/sh;
			shellScript = "diff \"${PODS_PODFILE_DIR_PATH}/Podfile.lock\" \"${PODS_ROOT}/Manifest.lock\" > /dev/null\nif [ $? != 0 ] ; then\n    # print error to STDERR\n    echo \"error: The sandbox is not in sync with the Podfile.lock. Run 'pod install' or update your CocoaPods installation.\" >&2\n    exit 1\nfi\n# This output is used by Xcode 'outputs' to avoid re-running this script phase.\necho \"SUCCESS\" > \"${SCRIPT_OUTPUT_FILE_0}\"\n";
			showEnvVarsInLog = 0;
		};
		2EB7432C24A4BF4CF2E3DD69 /* [CP] Embed Pods Frameworks */ = {
			isa = PBXShellScriptBuildPhase;
			buildActionMask = 2147483647;
			files = (
			);
			inputPaths = (
				"${SRCROOT}/Pods/Target Support Files/Pods-CocoaPodTest/Pods-CocoaPodTest-frameworks.sh",
				"${BUILT_PRODUCTS_DIR}/ObjectiveSugar/ObjectiveSugar.framework",
			);
			name = "[CP] Embed Pods Frameworks";
			outputPaths = (
				"${TARGET_BUILD_DIR}/${FRAMEWORKS_FOLDER_PATH}/ObjectiveSugar.framework",
			);
			runOnlyForDeploymentPostprocessing = 0;
			shellPath = /bin/sh;
			shellScript = "\"${SRCROOT}/Pods/Target Support Files/Pods-CocoaPodTest/Pods-CocoaPodTest-frameworks.sh\"\n";
			showEnvVarsInLog = 0;
		};
		636A4894621756E147E5C89E /* [CP] Copy Pods Resources */ = {
			isa = PBXShellScriptBuildPhase;
			buildActionMask = 2147483647;
			files = (
			);
			inputPaths = (
			);
			name = "[CP] Copy Pods Resources";
			outputPaths = (
			);
			runOnlyForDeploymentPostprocessing = 0;
			shellPath = /bin/sh;
			shellScript = "\"${SRCROOT}/Pods/Target Support Files/Pods-CocoaPodTestUITests/Pods-CocoaPodTestUITests-resources.sh\"\n";
			showEnvVarsInLog = 0;
		};
		9A8E2E1B57948B0A7070DCD0 /* [CP] Embed Pods Frameworks */ = {
			isa = PBXShellScriptBuildPhase;
			buildActionMask = 2147483647;
			files = (
			);
			inputPaths = (
			);
			name = "[CP] Embed Pods Frameworks";
			outputPaths = (
			);
			runOnlyForDeploymentPostprocessing = 0;
			shellPath = /bin/sh;
			shellScript = "\"${SRCROOT}/Pods/Target Support Files/Pods-CocoaPodTestUITests/Pods-CocoaPodTestUITests-frameworks.sh\"\n";
			showEnvVarsInLog = 0;
		};
		A6D9576E60E94507077D97D9 /* [CP] Copy Pods Resources */ = {
			isa = PBXShellScriptBuildPhase;
			buildActionMask = 2147483647;
			files = (
			);
			inputPaths = (
			);
			name = "[CP] Copy Pods Resources";
			outputPaths = (
			);
			runOnlyForDeploymentPostprocessing = 0;
			shellPath = /bin/sh;
			shellScript = "\"${SRCROOT}/Pods/Target Support Files/Pods-CocoaPodTestTests/Pods-CocoaPodTestTests-resources.sh\"\n";
			showEnvVarsInLog = 0;
		};
		B2B440FAA433F91BAF82670C /* [CP] Copy Pods Resources */ = {
			isa = PBXShellScriptBuildPhase;
			buildActionMask = 2147483647;
			files = (
			);
			inputPaths = (
			);
			name = "[CP] Copy Pods Resources";
			outputPaths = (
			);
			runOnlyForDeploymentPostprocessing = 0;
			shellPath = /bin/sh;
			shellScript = "\"${SRCROOT}/Pods/Target Support Files/Pods-CocoaPodTest/Pods-CocoaPodTest-resources.sh\"\n";
			showEnvVarsInLog = 0;
		};
		D5CC8B397E292184CB7C8371 /* [CP] Check Pods Manifest.lock */ = {
			isa = PBXShellScriptBuildPhase;
			buildActionMask = 2147483647;
			files = (
			);
			inputPaths = (
				"${PODS_PODFILE_DIR_PATH}/Podfile.lock",
				"${PODS_ROOT}/Manifest.lock",
			);
			name = "[CP] Check Pods Manifest.lock";
			outputPaths = (
				"$(DERIVED_FILE_DIR)/Pods-CocoaPodTestTests-checkManifestLockResult.txt",
			);
			runOnlyForDeploymentPostprocessing = 0;
			shellPath = /bin/sh;
			shellScript = "diff \"${PODS_PODFILE_DIR_PATH}/Podfile.lock\" \"${PODS_ROOT}/Manifest.lock\" > /dev/null\nif [ $? != 0 ] ; then\n    # print error to STDERR\n    echo \"error: The sandbox is not in sync with the Podfile.lock. Run 'pod install' or update your CocoaPods installation.\" >&2\n    exit 1\nfi\n# This output is used by Xcode 'outputs' to avoid re-running this script phase.\necho \"SUCCESS\" > \"${SCRIPT_OUTPUT_FILE_0}\"\n";
			showEnvVarsInLog = 0;
		};
		EBF696E87B5871E4F7DB654C /* [CP] Check Pods Manifest.lock */ = {
			isa = PBXShellScriptBuildPhase;
			buildActionMask = 2147483647;
			files = (
			);
			inputPaths = (
				"${PODS_PODFILE_DIR_PATH}/Podfile.lock",
				"${PODS_ROOT}/Manifest.lock",
			);
			name = "[CP] Check Pods Manifest.lock";
			outputPaths = (
				"$(DERIVED_FILE_DIR)/Pods-CocoaPodTestUITests-checkManifestLockResult.txt",
			);
			runOnlyForDeploymentPostprocessing = 0;
			shellPath = /bin/sh;
			shellScript = "diff \"${PODS_PODFILE_DIR_PATH}/Podfile.lock\" \"${PODS_ROOT}/Manifest.lock\" > /dev/null\nif [ $? != 0 ] ; then\n    # print error to STDERR\n    echo \"error: The sandbox is not in sync with the Podfile.lock. Run 'pod install' or update your CocoaPods installation.\" >&2\n    exit 1\nfi\n# This output is used by Xcode 'outputs' to avoid re-running this script phase.\necho \"SUCCESS\" > \"${SCRIPT_OUTPUT_FILE_0}\"\n";
			showEnvVarsInLog = 0;
		};
/* End PBXShellScriptBuildPhase section */

/* Begin PBXSourcesBuildPhase section */
		333FACF61F5F385C001F8DF5 /* Sources */ = {
			isa = PBXSourcesBuildPhase;
			buildActionMask = 2147483647;
			files = (
				333FAD001F5F385C001F8DF5 /* ViewController.swift in Sources */,
				333FACFE1F5F385C001F8DF5 /* AppDelegate.swift in Sources */,
			);
			runOnlyForDeploymentPostprocessing = 0;
		};
		333FAD0A1F5F385C001F8DF5 /* Sources */ = {
			isa = PBXSourcesBuildPhase;
			buildActionMask = 2147483647;
			files = (
				333FAD131F5F385C001F8DF5 /* CocoaPodTestTests.swift in Sources */,
			);
			runOnlyForDeploymentPostprocessing = 0;
		};
		333FAD151F5F385C001F8DF5 /* Sources */ = {
			isa = PBXSourcesBuildPhase;
			buildActionMask = 2147483647;
			files = (
				333FAD1E1F5F385C001F8DF5 /* CocoaPodTestUITests.swift in Sources */,
			);
			runOnlyForDeploymentPostprocessing = 0;
		};
/* End PBXSourcesBuildPhase section */

/* Begin PBXTargetDependency section */
		333FAD101F5F385C001F8DF5 /* PBXTargetDependency */ = {
			isa = PBXTargetDependency;
			target = 333FACF91F5F385C001F8DF5 /* CocoaPodTest */;
			targetProxy = 333FAD0F1F5F385C001F8DF5 /* PBXContainerItemProxy */;
		};
		333FAD1B1F5F385C001F8DF5 /* PBXTargetDependency */ = {
			isa = PBXTargetDependency;
			target = 333FACF91F5F385C001F8DF5 /* CocoaPodTest */;
			targetProxy = 333FAD1A1F5F385C001F8DF5 /* PBXContainerItemProxy */;
		};
/* End PBXTargetDependency section */

/* Begin PBXVariantGroup section */
		333FAD011F5F385C001F8DF5 /* Main.storyboard */ = {
			isa = PBXVariantGroup;
			children = (
				333FAD021F5F385C001F8DF5 /* Base */,
			);
			name = Main.storyboard;
			sourceTree = "<group>";
		};
		333FAD061F5F385C001F8DF5 /* LaunchScreen.storyboard */ = {
			isa = PBXVariantGroup;
			children = (
				333FAD071F5F385C001F8DF5 /* Base */,
			);
			name = LaunchScreen.storyboard;
			sourceTree = "<group>";
		};
/* End PBXVariantGroup section */

/* Begin XCBuildConfiguration section */
		333FAD201F5F385C001F8DF5 /* Debug */ = {
			isa = XCBuildConfiguration;
			buildSettings = {
				ALWAYS_SEARCH_USER_PATHS = NO;
				CLANG_ANALYZER_NONNULL = YES;
				CLANG_ANALYZER_NUMBER_OBJECT_CONVERSION = YES_AGGRESSIVE;
				CLANG_CXX_LANGUAGE_STANDARD = "gnu++0x";
				CLANG_CXX_LIBRARY = "libc++";
				CLANG_ENABLE_MODULES = YES;
				CLANG_ENABLE_OBJC_ARC = YES;
				CLANG_WARN_BOOL_CONVERSION = YES;
				CLANG_WARN_CONSTANT_CONVERSION = YES;
				CLANG_WARN_DIRECT_OBJC_ISA_USAGE = YES_ERROR;
				CLANG_WARN_DOCUMENTATION_COMMENTS = YES;
				CLANG_WARN_EMPTY_BODY = YES;
				CLANG_WARN_ENUM_CONVERSION = YES;
				CLANG_WARN_INFINITE_RECURSION = YES;
				CLANG_WARN_INT_CONVERSION = YES;
				CLANG_WARN_OBJC_ROOT_CLASS = YES_ERROR;
				CLANG_WARN_SUSPICIOUS_MOVE = YES;
				CLANG_WARN_UNREACHABLE_CODE = YES;
				CLANG_WARN__DUPLICATE_METHOD_MATCH = YES;
				"CODE_SIGN_IDENTITY[sdk=iphoneos*]" = "iPhone Developer";
				COPY_PHASE_STRIP = NO;
				DEBUG_INFORMATION_FORMAT = dwarf;
				ENABLE_STRICT_OBJC_MSGSEND = YES;
				ENABLE_TESTABILITY = YES;
				GCC_C_LANGUAGE_STANDARD = gnu99;
				GCC_DYNAMIC_NO_PIC = NO;
				GCC_NO_COMMON_BLOCKS = YES;
				GCC_OPTIMIZATION_LEVEL = 0;
				GCC_PREPROCESSOR_DEFINITIONS = (
					"DEBUG=1",
					"$(inherited)",
				);
				GCC_WARN_64_TO_32_BIT_CONVERSION = YES;
				GCC_WARN_ABOUT_RETURN_TYPE = YES_ERROR;
				GCC_WARN_UNDECLARED_SELECTOR = YES;
				GCC_WARN_UNINITIALIZED_AUTOS = YES_AGGRESSIVE;
				GCC_WARN_UNUSED_FUNCTION = YES;
				GCC_WARN_UNUSED_VARIABLE = YES;
				IPHONEOS_DEPLOYMENT_TARGET = 10.3;
				MTL_ENABLE_DEBUG_INFO = YES;
				ONLY_ACTIVE_ARCH = YES;
				SDKROOT = iphoneos;
				SWIFT_ACTIVE_COMPILATION_CONDITIONS = DEBUG;
				SWIFT_OPTIMIZATION_LEVEL = "-Onone";
				TARGETED_DEVICE_FAMILY = "1,2";
			};
			name = Debug;
		};
		333FAD211F5F385C001F8DF5 /* Release */ = {
			isa = XCBuildConfiguration;
			buildSettings = {
				ALWAYS_SEARCH_USER_PATHS = NO;
				CLANG_ANALYZER_NONNULL = YES;
				CLANG_ANALYZER_NUMBER_OBJECT_CONVERSION = YES_AGGRESSIVE;
				CLANG_CXX_LANGUAGE_STANDARD = "gnu++0x";
				CLANG_CXX_LIBRARY = "libc++";
				CLANG_ENABLE_MODULES = YES;
				CLANG_ENABLE_OBJC_ARC = YES;
				CLANG_WARN_BOOL_CONVERSION = YES;
				CLANG_WARN_CONSTANT_CONVERSION = YES;
				CLANG_WARN_DIRECT_OBJC_ISA_USAGE = YES_ERROR;
				CLANG_WARN_DOCUMENTATION_COMMENTS = YES;
				CLANG_WARN_EMPTY_BODY = YES;
				CLANG_WARN_ENUM_CONVERSION = YES;
				CLANG_WARN_INFINITE_RECURSION = YES;
				CLANG_WARN_INT_CONVERSION = YES;
				CLANG_WARN_OBJC_ROOT_CLASS = YES_ERROR;
				CLANG_WARN_SUSPICIOUS_MOVE = YES;
				CLANG_WARN_UNREACHABLE_CODE = YES;
				CLANG_WARN__DUPLICATE_METHOD_MATCH = YES;
				"CODE_SIGN_IDENTITY[sdk=iphoneos*]" = "iPhone Developer";
				COPY_PHASE_STRIP = NO;
				DEBUG_INFORMATION_FORMAT = "dwarf-with-dsym";
				ENABLE_NS_ASSERTIONS = NO;
				ENABLE_STRICT_OBJC_MSGSEND = YES;
				GCC_C_LANGUAGE_STANDARD = gnu99;
				GCC_NO_COMMON_BLOCKS = YES;
				GCC_WARN_64_TO_32_BIT_CONVERSION = YES;
				GCC_WARN_ABOUT_RETURN_TYPE = YES_ERROR;
				GCC_WARN_UNDECLARED_SELECTOR = YES;
				GCC_WARN_UNINITIALIZED_AUTOS = YES_AGGRESSIVE;
				GCC_WARN_UNUSED_FUNCTION = YES;
				GCC_WARN_UNUSED_VARIABLE = YES;
				IPHONEOS_DEPLOYMENT_TARGET = 10.3;
				MTL_ENABLE_DEBUG_INFO = NO;
				SDKROOT = iphoneos;
				SWIFT_OPTIMIZATION_LEVEL = "-Owholemodule";
				TARGETED_DEVICE_FAMILY = "1,2";
				VALIDATE_PRODUCT = YES;
			};
			name = Release;
		};
		333FAD231F5F385C001F8DF5 /* Debug */ = {
			isa = XCBuildConfiguration;
			baseConfigurationReference = B315AD04A4FEBDA3EA6CCB26 /* Pods-CocoaPodTest.debug.xcconfig */;
			buildSettings = {
				ASSETCATALOG_COMPILER_APPICON_NAME = AppIcon;
				DEVELOPMENT_TEAM = 3XSU4PVJ4R;
				INFOPLIST_FILE = CocoaPodTest/Info.plist;
				LD_RUNPATH_SEARCH_PATHS = "$(inherited) @executable_path/Frameworks";
				PRODUCT_BUNDLE_IDENTIFIER = cst495.CocoaPodTest;
				PRODUCT_NAME = "$(TARGET_NAME)";
				SWIFT_VERSION = 3.0;
			};
			name = Debug;
		};
		333FAD241F5F385C001F8DF5 /* Release */ = {
			isa = XCBuildConfiguration;
			baseConfigurationReference = FE1EB059B0379D8B30DB1D05 /* Pods-CocoaPodTest.release.xcconfig */;
			buildSettings = {
				ASSETCATALOG_COMPILER_APPICON_NAME = AppIcon;
				DEVELOPMENT_TEAM = 3XSU4PVJ4R;
				INFOPLIST_FILE = CocoaPodTest/Info.plist;
				LD_RUNPATH_SEARCH_PATHS = "$(inherited) @executable_path/Frameworks";
				PRODUCT_BUNDLE_IDENTIFIER = cst495.CocoaPodTest;
				PRODUCT_NAME = "$(TARGET_NAME)";
				SWIFT_VERSION = 3.0;
			};
			name = Release;
		};
		333FAD261F5F385C001F8DF5 /* Debug */ = {
			isa = XCBuildConfiguration;
			baseConfigurationReference = 18401E5F81ACF498E769B613 /* Pods-CocoaPodTestTests.debug.xcconfig */;
			buildSettings = {
				ALWAYS_EMBED_SWIFT_STANDARD_LIBRARIES = YES;
				BUNDLE_LOADER = "$(TEST_HOST)";
				DEVELOPMENT_TEAM = 3XSU4PVJ4R;
				INFOPLIST_FILE = CocoaPodTestTests/Info.plist;
				LD_RUNPATH_SEARCH_PATHS = "$(inherited) @executable_path/Frameworks @loader_path/Frameworks";
				PRODUCT_BUNDLE_IDENTIFIER = cst495.CocoaPodTestTests;
				PRODUCT_NAME = "$(TARGET_NAME)";
				SWIFT_VERSION = 3.0;
				TEST_HOST = "$(BUILT_PRODUCTS_DIR)/CocoaPodTest.app/CocoaPodTest";
			};
			name = Debug;
		};
		333FAD271F5F385C001F8DF5 /* Release */ = {
			isa = XCBuildConfiguration;
			baseConfigurationReference = 5E5F753049E15DA30FD08157 /* Pods-CocoaPodTestTests.release.xcconfig */;
			buildSettings = {
				ALWAYS_EMBED_SWIFT_STANDARD_LIBRARIES = YES;
				BUNDLE_LOADER = "$(TEST_HOST)";
				DEVELOPMENT_TEAM = 3XSU4PVJ4R;
				INFOPLIST_FILE = CocoaPodTestTests/Info.plist;
				LD_RUNPATH_SEARCH_PATHS = "$(inherited) @executable_path/Frameworks @loader_path/Frameworks";
				PRODUCT_BUNDLE_IDENTIFIER = cst495.CocoaPodTestTests;
				PRODUCT_NAME = "$(TARGET_NAME)";
				SWIFT_VERSION = 3.0;
				TEST_HOST = "$(BUILT_PRODUCTS_DIR)/CocoaPodTest.app/CocoaPodTest";
			};
			name = Release;
		};
		333FAD291F5F385C001F8DF5 /* Debug */ = {
			isa = XCBuildConfiguration;
			baseConfigurationReference = FE29D6B3E3CB4C34138BD2D1 /* Pods-CocoaPodTestUITests.debug.xcconfig */;
			buildSettings = {
				ALWAYS_EMBED_SWIFT_STANDARD_LIBRARIES = YES;
				DEVELOPMENT_TEAM = 3XSU4PVJ4R;
				INFOPLIST_FILE = CocoaPodTestUITests/Info.plist;
				LD_RUNPATH_SEARCH_PATHS = "$(inherited) @executable_path/Frameworks @loader_path/Frameworks";
				PRODUCT_BUNDLE_IDENTIFIER = cst495.CocoaPodTestUITests;
				PRODUCT_NAME = "$(TARGET_NAME)";
				SWIFT_VERSION = 3.0;
				TEST_TARGET_NAME = CocoaPodTest;
			};
			name = Debug;
		};
		333FAD2A1F5F385C001F8DF5 /* Release */ = {
			isa = XCBuildConfiguration;
			baseConfigurationReference = 1DEE361F2EF0D6FFD51A2A0F /* Pods-CocoaPodTestUITests.release.xcconfig */;
			buildSettings = {
				ALWAYS_EMBED_SWIFT_STANDARD_LIBRARIES = YES;
				DEVELOPMENT_TEAM = 3XSU4PVJ4R;
				INFOPLIST_FILE = CocoaPodTestUITests/Info.plist;
				LD_RUNPATH_SEARCH_PATHS = "$(inherited) @executable_path/Frameworks @loader_path/Frameworks";
				PRODUCT_BUNDLE_IDENTIFIER = cst495.CocoaPodTestUITests;
				PRODUCT_NAME = "$(TARGET_NAME)";
				SWIFT_VERSION = 3.0;
				TEST_TARGET_NAME = CocoaPodTest;
			};
			name = Release;
		};
/* End XCBuildConfiguration section */

/* Begin XCConfigurationList section */
		333FACF51F5F385C001F8DF5 /* Build configuration list for PBXProject "CocoaPodTest" */ = {
			isa = XCConfigurationList;
			buildConfigurations = (
				333FAD201F5F385C001F8DF5 /* Debug */,
				333FAD211F5F385C001F8DF5 /* Release */,
			);
			defaultConfigurationIsVisible = 0;
			defaultConfigurationName = Release;
		};
		333FAD221F5F385C001F8DF5 /* Build configuration list for PBXNativeTarget "CocoaPodTest" */ = {
			isa = XCConfigurationList;
			buildConfigurations = (
				333FAD231F5F385C001F8DF5 /* Debug */,
				333FAD241F5F385C001F8DF5 /* Release */,
			);
			defaultConfigurationIsVisible = 0;
		};
		333FAD251F5F385C001F8DF5 /* Build configuration list for PBXNativeTarget "CocoaPodTestTests" */ = {
			isa = XCConfigurationList;
			buildConfigurations = (
				333FAD261F5F385C001F8DF5 /* Debug */,
				333FAD271F5F385C001F8DF5 /* Release */,
			);
			defaultConfigurationIsVisible = 0;
		};
		333FAD281F5F385C001F8DF5 /* Build configuration list for PBXNativeTarget "CocoaPodTestUITests" */ = {
			isa = XCConfigurationList;
			buildConfigurations = (
				333FAD291F5F385C001F8DF5 /* Debug */,
				333FAD2A1F5F385C001F8DF5 /* Release */,
			);
			defaultConfigurationIsVisible = 0;
		};
/* End XCConfigurationList section */
	};
	rootObject = 333FACF21F5F385C001F8DF5 /* Project object */;
}
